%{
  "amqp": {:hex, :amqp, "3.3.2", "6cad7469957b29c517a26a27474828f1db28278a13bcc2e7970db9854a3d3080", [:mix], [{:amqp_client, "~> 3.9", [hex: :amqp_client, repo: "hexpm", optional: false]}], "hexpm", "f977c41d81b65a21234a9158e6491b2296f8bd5bda48d5b611a64b6e0d2c3f31"},
  "amqp_client": {:hex, :amqp_client, "3.12.14", "2b677bc3f2e2234ba7517042b25d72071a79735042e91f9116bd3c176854b622", [:make, :rebar3], [{:credentials_obfuscation, "3.4.0", [hex: :credentials_obfuscation, repo: "hexpm", optional: false]}, {:rabbit_common, "3.12.14", [hex: :rabbit_common, repo: "hexpm", optional: false]}], "hexpm", "5f70b6c3b1a739790080da4fddc94a867e99f033c4b1edc20d6ff8b8fb4bd160"},
  "attrs": {:hex, :attrs, "0.6.0", "25d738b47829f964a786ef73897d2550b66f3e7d1d7c49a83bc8fd81c71bed93", [:mix], [], "hexpm", "9c30ac15255c2ba8399263db55ba32c2f4e5ec267b654ce23df99168b405c82e"},
  "bcrypt_elixir": {:hex, :bcrypt_elixir, "3.2.1", "e361261a0401d82dadc1ab7b969f91d250bf7577283e933fe8c5b72f8f5b3c46", [:make, :mix], [{:comeonin, "~> 5.3", [hex: :comeonin, repo: "hexpm", optional: false]}, {:elixir_make, "~> 0.6", [hex: :elixir_make, repo: "hexpm", optional: false]}], "hexpm", "81170177d5c2e280d12141a0b9d9e299bf731535e2d959982bdcd4cfe3c82865"},
  "cachex": {:hex, :cachex, "3.4.0", "868b2959ea4aeb328c6b60ff66c8d5123c083466ad3c33d3d8b5f142e13101fb", [:mix], [{:eternal, "~> 1.2", [hex: :eternal, repo: "hexpm", optional: false]}, {:jumper, "~> 1.0", [hex: :jumper, repo: "hexpm", optional: false]}, {:sleeplocks, "~> 1.1", [hex: :sleeplocks, repo: "hexpm", optional: false]}, {:unsafe, "~> 1.0", [hex: :unsafe, repo: "hexpm", optional: false]}], "hexpm", "370123b1ab4fba4d2965fb18f87fd758325709787c8c5fce35b3fe80645ccbe5"},
  "castore": {:hex, :castore, "1.0.11", "4bbd584741601eb658007339ea730b082cc61f3554cf2e8f39bf693a11b49073", [:mix], [], "hexpm", "e03990b4db988df56262852f20de0f659871c35154691427a5047f4967a16a62"},
  "certifi": {:hex, :certifi, "2.12.0", "2d1cca2ec95f59643862af91f001478c9863c2ac9cb6e2f89780bfd8de987329", [:rebar3], [], "hexpm", "ee68d85df22e554040cdb4be100f33873ac6051387baf6a8f6ce82272340ff1c"},
  "combine": {:hex, :combine, "0.10.0", "eff8224eeb56498a2af13011d142c5e7997a80c8f5b97c499f84c841032e429f", [:mix], [], "hexpm", "1b1dbc1790073076580d0d1d64e42eae2366583e7aecd455d1215b0d16f2451b"},
  "comeonin": {:hex, :comeonin, "5.5.1", "5113e5f3800799787de08a6e0db307133850e635d34e9fab23c70b6501669510", [:mix], [], "hexpm", "65aac8f19938145377cee73973f192c5645873dcf550a8a6b18187d17c13ccdb"},
  "connection": {:hex, :connection, "1.1.0", "ff2a49c4b75b6fb3e674bfc5536451607270aac754ffd1bdfe175abe4a6d7a68", [:mix], [], "hexpm", "722c1eb0a418fbe91ba7bd59a47e28008a189d47e37e0e7bb85585a016b2869c"},
  "cowboy": {:hex, :cowboy, "2.12.0", "f276d521a1ff88b2b9b4c54d0e753da6c66dd7be6c9fca3d9418b561828a3731", [:make, :rebar3], [{:cowlib, "2.13.0", [hex: :cowlib, repo: "hexpm", optional: false]}, {:ranch, "1.8.0", [hex: :ranch, repo: "hexpm", optional: false]}], "hexpm", "8a7abe6d183372ceb21caa2709bec928ab2b72e18a3911aa1771639bef82651e"},
  "cowboy_telemetry": {:hex, :cowboy_telemetry, "0.4.0", "f239f68b588efa7707abce16a84d0d2acf3a0f50571f8bb7f56a15865aae820c", [:rebar3], [{:cowboy, "~> 2.7", [hex: :cowboy, repo: "hexpm", optional: false]}, {:telemetry, "~> 1.0", [hex: :telemetry, repo: "hexpm", optional: false]}], "hexpm", "7d98bac1ee4565d31b62d59f8823dfd8356a169e7fcbb83831b8a5397404c9de"},
  "cowlib": {:hex, :cowlib, "2.13.0", "db8f7505d8332d98ef50a3ef34b34c1afddec7506e4ee4dd4a3a266285d282ca", [:make, :rebar3], [], "hexpm", "e1e1284dc3fc030a64b1ad0d8382ae7e99da46c3246b815318a4b848873800a4"},
  "credentials_obfuscation": {:hex, :credentials_obfuscation, "3.4.0", "34e18b126b3aefd6e8143776fbe1ceceea6792307c99ac5ee8687911f048cfd7", [:rebar3], [], "hexpm", "738ace0ed5545d2710d3f7383906fc6f6b582d019036e5269c4dbd85dbced566"},
  "csv": {:hex, :csv, "3.0.5", "3c1455127e92de8845806db89554ad7d45e0212974be41dd9c38a5c881861713", [:mix], [], "hexpm", "cbbe5455c93df5f3f2943e995e28b7a8808361ba34cf3e44267d77a01eaf1609"},
  "db_connection": {:hex, :db_connection, "2.7.0", "b99faa9291bb09892c7da373bb82cba59aefa9b36300f6145c5f201c7adf48ec", [:mix], [{:telemetry, "~> 0.4 or ~> 1.0", [hex: :telemetry, repo: "hexpm", optional: false]}], "hexpm", "dcf08f31b2701f857dfc787fbad78223d61a32204f217f15e881dd93e4bdd3ff"},
  "decimal": {:hex, :decimal, "2.1.1", "5611dca5d4b2c3dd497dec8f68751f1f1a54755e8ed2a966c2633cf885973ad6", [:mix], [], "hexpm", "53cfe5f497ed0e7771ae1a475575603d77425099ba5faef9394932b35020ffcc"},
  "decorator": {:hex, :decorator, "1.4.0", "a57ac32c823ea7e4e67f5af56412d12b33274661bb7640ec7fc882f8d23ac419", [:mix], [], "hexpm", "0a07cedd9083da875c7418dea95b78361197cf2bf3211d743f6f7ce39656597f"},
  "doggo": {:hex, :doggo, "0.8.2", "6cd6e956673df217bd5cc147d79d1677bd1493982d23051a0153cd78ceac44ee", [:mix], [{:gettext, "~> 0.20", [hex: :gettext, repo: "hexpm", optional: true]}, {:phoenix_live_view, "~> 1.0.0-rc.6", [hex: :phoenix_live_view, repo: "hexpm", optional: false]}, {:phoenix_storybook, "~> 0.6.0", [hex: :phoenix_storybook, repo: "hexpm", optional: false]}], "hexpm", "329e4e549d0da455acd0f08e649e3c600d230f484864c8908e5bba1ff47488a2"},
  "earmark": {:hex, :earmark, "1.4.47", "7e7596b84fe4ebeb8751e14cbaeaf4d7a0237708f2ce43630cfd9065551f94ca", [:mix], [], "hexpm", "3e96bebea2c2d95f3b346a7ff22285bc68a99fbabdad9b655aa9c6be06c698f8"},
  "ecto": {:hex, :ecto, "3.12.3", "1a9111560731f6c3606924c81c870a68a34c819f6d4f03822f370ea31a582208", [:mix], [{:decimal, "~> 2.0", [hex: :decimal, repo: "hexpm", optional: false]}, {:jason, "~> 1.0", [hex: :jason, repo: "hexpm", optional: true]}, {:telemetry, "~> 0.4 or ~> 1.0", [hex: :telemetry, repo: "hexpm", optional: false]}], "hexpm", "9efd91506ae722f95e48dc49e70d0cb632ede3b7a23896252a60a14ac6d59165"},
  "ecto_interval": {:git, "https://github.com/gmorell/ecto_interval.git", "89d49ce06612299c24a279900af477f2f20abbb1", []},
  "ecto_sql": {:hex, :ecto_sql, "3.12.0", "73cea17edfa54bde76ee8561b30d29ea08f630959685006d9c6e7d1e59113b7d", [:mix], [{:db_connection, "~> 2.4.1 or ~> 2.5", [hex: :db_connection, repo: "hexpm", optional: false]}, {:ecto, "~> 3.12", [hex: :ecto, repo: "hexpm", optional: false]}, {:myxql, "~> 0.7", [hex: :myxql, repo: "hexpm", optional: true]}, {:postgrex, "~> 0.19 or ~> 1.0", [hex: :postgrex, repo: "hexpm", optional: true]}, {:tds, "~> 2.1.1 or ~> 2.2", [hex: :tds, repo: "hexpm", optional: true]}, {:telemetry, "~> 0.4.0 or ~> 1.0", [hex: :telemetry, repo: "hexpm", optional: false]}], "hexpm", "dc9e4d206f274f3947e96142a8fdc5f69a2a6a9abb4649ef5c882323b6d512f0"},
  "elixir_make": {:hex, :elixir_make, "0.6.3", "bc07d53221216838d79e03a8019d0839786703129599e9619f4ab74c8c096eac", [:mix], [], "hexpm", "f5cbd651c5678bcaabdbb7857658ee106b12509cd976c2c2fca99688e1daf716"},
  "esbuild": {:hex, :esbuild, "0.8.1", "0cbf919f0eccb136d2eeef0df49c4acf55336de864e63594adcea3814f3edf41", [:mix], [{:castore, ">= 0.0.0", [hex: :castore, repo: "hexpm", optional: false]}, {:jason, "~> 1.4", [hex: :jason, repo: "hexpm", optional: false]}], "hexpm", "25fc876a67c13cb0a776e7b5d7974851556baeda2085296c14ab48555ea7560f"},
  "eternal": {:hex, :eternal, "1.2.2", "d1641c86368de99375b98d183042dd6c2b234262b8d08dfd72b9eeaafc2a1abd", [:mix], [], "hexpm", "2c9fe32b9c3726703ba5e1d43a1d255a4f3f2d8f8f9bc19f094c7cb1a7a9e782"},
  "expo": {:hex, :expo, "1.1.0", "f7b9ed7fb5745ebe1eeedf3d6f29226c5dd52897ac67c0f8af62a07e661e5c75", [:mix], [], "hexpm", "fbadf93f4700fb44c331362177bdca9eeb8097e8b0ef525c9cc501cb9917c960"},
  "file_system": {:hex, :file_system, "1.0.1", "79e8ceaddb0416f8b8cd02a0127bdbababe7bf4a23d2a395b983c1f8b3f73edd", [:mix], [], "hexpm", "4414d1f38863ddf9120720cd976fce5bdde8e91d8283353f0e31850fa89feb9e"},
  "floki": {:hex, :floki, "0.36.2", "a7da0193538c93f937714a6704369711998a51a6164a222d710ebd54020aa7a3", [:mix], [], "hexpm", "a8766c0bc92f074e5cb36c4f9961982eda84c5d2b8e979ca67f5c268ec8ed580"},
  "friendlyid": {:hex, :friendlyid, "0.2.0", "915632436ac2e5abd396b7642db8b92773036a50d4747e2ce68b988d130f85de", [:mix], [], "hexpm", "2ead5268d6f3daf3eae4965fa669783aaca073da2bbed05f449866535b099ec9"},
  "gen_smtp": {:hex, :gen_smtp, "1.2.0", "9cfc75c72a8821588b9b9fe947ae5ab2aed95a052b81237e0928633a13276fd3", [:rebar3], [{:ranch, ">= 1.8.0", [hex: :ranch, repo: "hexpm", optional: false]}], "hexpm", "5ee0375680bca8f20c4d85f58c2894441443a743355430ff33a783fe03296779"},
  "geo": {:hex, :geo, "3.6.0", "00c9c6338579f67e91cd5950af4ae2eb25cdce0c3398718c232539f61625d0bd", [:mix], [{:jason, "~> 1.4", [hex: :jason, repo: "hexpm", optional: true]}], "hexpm", "1dbdebf617183b54bc3c8ad7a36531a9a76ada8ca93f75f573b0ae94006168da"},
  "geo_postgis": {:hex, :geo_postgis, "3.7.1", "614f25b42334a615bd54bb09c22030b1aac7bac8f829bd823ab1faccf093a324", [:mix], [{:ecto, "~> 3.0", [hex: :ecto, repo: "hexpm", optional: true]}, {:geo, "~> 3.6 or ~> 4.0", [hex: :geo, repo: "hexpm", optional: false]}, {:jason, "~> 1.2", [hex: :jason, repo: "hexpm", optional: true]}, {:poison, "~> 2.2 or ~> 3.0 or ~> 4.0 or ~> 5.0 or ~> 6.0", [hex: :poison, repo: "hexpm", optional: true]}, {:postgrex, ">= 0.0.0", [hex: :postgrex, repo: "hexpm", optional: false]}], "hexpm", "c20d823c600d35b7fe9ddd5be03052bb7136c57d6f1775dbd46871545e405280"},
  "gettext": {:hex, :gettext, "0.26.1", "38e14ea5dcf962d1fc9f361b63ea07c0ce715a8ef1f9e82d3dfb8e67e0416715", [:mix], [{:expo, "~> 0.5.1 or ~> 1.0", [hex: :expo, repo: "hexpm", optional: false]}], "hexpm", "01ce56f188b9dc28780a52783d6529ad2bc7124f9744e571e1ee4ea88bf08734"},
  "gitlab": {:git, "https://github.com/avitex/elixir-gitlab.git", "ca2f3a20364d39d19a1c6dd22193090ecf5d20de", []},
  "hackney": {:hex, :hackney, "1.20.1", "8d97aec62ddddd757d128bfd1df6c5861093419f8f7a4223823537bad5d064e2", [:rebar3], [{:certifi, "~> 2.12.0", [hex: :certifi, repo: "hexpm", optional: false]}, {:idna, "~> 6.1.0", [hex: :idna, repo: "hexpm", optional: false]}, {:metrics, "~> 1.0.0", [hex: :metrics, repo: "hexpm", optional: false]}, {:mimerl, "~> 1.1", [hex: :mimerl, repo: "hexpm", optional: false]}, {:parse_trans, "3.4.1", [hex: :parse_trans, repo: "hexpm", optional: false]}, {:ssl_verify_fun, "~> 1.1.0", [hex: :ssl_verify_fun, repo: "hexpm", optional: false]}, {:unicode_util_compat, "~> 0.7.0", [hex: :unicode_util_compat, repo: "hexpm", optional: false]}], "hexpm", "fe9094e5f1a2a2c0a7d10918fee36bfec0ec2a979994cff8cfe8058cd9af38e3"},
  "healthchex": {:hex, :healthchex, "0.2.1", "e4e36631aef94075879946f31fc328d5466b127aaf434746320332a1d7db5871", [:mix], [{:plug_cowboy, "~> 2.4", [hex: :plug_cowboy, repo: "hexpm", optional: false]}], "hexpm", "eb7dfb8f8606e742c73b8bf4053968e48fba38ae8b37fec214fe09c40800b93f"},
  "html_entities": {:hex, :html_entities, "0.5.2", "9e47e70598da7de2a9ff6af8758399251db6dbb7eebe2b013f2bbd2515895c3c", [:mix], [], "hexpm", "c53ba390403485615623b9531e97696f076ed415e8d8058b1dbaa28181f4fdcc"},
  "httpoison": {:hex, :httpoison, "1.8.2", "9eb9c63ae289296a544842ef816a85d881d4a31f518a0fec089aaa744beae290", [:mix], [{:hackney, "~> 1.17", [hex: :hackney, repo: "hexpm", optional: false]}], "hexpm", "2bb350d26972e30c96e2ca74a1aaf8293d61d0742ff17f01e0279fef11599921"},
  "icalendar": {:hex, :icalendar, "1.1.2", "5d0afff5d0143c5bd43f18ae32a777bf0fb9a724543ab05229a460d368f0a5e7", [:mix], [{:timex, "~> 3.4", [hex: :timex, repo: "hexpm", optional: false]}], "hexpm", "2060f8e353fdf3047e95a3f012583dc3c0bbd7ca1010e32ed9e9fc5760ad4292"},
  "iconv": {:hex, :iconv, "1.0.14", "719a151d124bb356d9054c30f6256f6219f5f9e95ceb748db9ad5f8e28fb3083", [:rebar3], [], "hexpm", "54e2a1bdac2de91292d46d251528a1e1cd62f4709d6572b38b537e9d30599740"},
  "idna": {:hex, :idna, "6.1.1", "8a63070e9f7d0c62eb9d9fcb360a7de382448200fbbd1b106cc96d3d8099df8d", [:rebar3], [{:unicode_util_compat, "~> 0.7.0", [hex: :unicode_util_compat, repo: "hexpm", optional: false]}], "hexpm", "92376eb7894412ed19ac475e4a86f7b413c1b9fbb5bd16dccd57934157944cea"},
  "jason": {:hex, :jason, "1.4.4", "b9226785a9aa77b6857ca22832cffa5d5011a667207eb2a0ad56adb5db443b8a", [:mix], [{:decimal, "~> 1.0 or ~> 2.0", [hex: :decimal, repo: "hexpm", optional: true]}], "hexpm", "c5eb0cab91f094599f94d55bc63409236a8ec69a21a67814529e8d5f6cc90b3b"},
  "jsx": {:hex, :jsx, "3.1.0", "d12516baa0bb23a59bb35dccaf02a1bd08243fcbb9efe24f2d9d056ccff71268", [:rebar3], [], "hexpm", "0c5cc8fdc11b53cc25cf65ac6705ad39e54ecc56d1c22e4adb8f5a53fb9427f3"},
  "jumper": {:hex, :jumper, "1.0.1", "3c00542ef1a83532b72269fab9f0f0c82bf23a35e27d278bfd9ed0865cecabff", [:mix], [], "hexpm", "318c59078ac220e966d27af3646026db9b5a5e6703cb2aa3e26bcfaba65b7433"},
  "live_view_native": {:git, "https://github.com/liveview-native/live_view_native.git", "bb108a7ab4bc1714cf3d70f5394ed7f88deec014", [branch: "main"]},
  "live_view_native_jetpack": {:git, "https://github.com/liveview-native/liveview-client-jetpack.git", "c0b88e498db62770ee5b8bd47a8f30145b05fe19", []},
  "live_view_native_live_form": {:hex, :live_view_native_live_form, "0.3.0", "71452bd34b065baeacc16bf32ea274a87c8d2489c0fd70346661ff9cd4b8a52a", [:mix], [{:live_view_native, "~> 0.3.0", [hex: :live_view_native, repo: "hexpm", optional: false]}, {:phoenix_live_view, "~> 0.20.4", [hex: :phoenix_live_view, repo: "hexpm", optional: false]}], "hexpm", "5799d8615197d120b4000f5dd375437223c47f04605be71c7cb41a9e1af5ecb1"},
  "makeup": {:hex, :makeup, "1.1.2", "9ba8837913bdf757787e71c1581c21f9d2455f4dd04cfca785c70bbfff1a76a3", [:mix], [{:nimble_parsec, "~> 1.2.2 or ~> 1.3", [hex: :nimble_parsec, repo: "hexpm", optional: false]}], "hexpm", "cce1566b81fbcbd21eca8ffe808f33b221f9eee2cbc7a1706fc3da9ff18e6cac"},
  "makeup_eex": {:hex, :makeup_eex, "0.1.2", "93a5ef3d28ed753215dba2d59cb40408b37cccb4a8205e53ef9b5319a992b700", [:mix], [{:makeup, "~> 1.0", [hex: :makeup, repo: "hexpm", optional: false]}, {:makeup_elixir, "~> 0.16 or ~> 1.0", [hex: :makeup_elixir, repo: "hexpm", optional: false]}, {:makeup_html, "~> 0.1.0 or ~> 1.0", [hex: :makeup_html, repo: "hexpm", optional: false]}, {:nimble_parsec, "~> 1.2", [hex: :nimble_parsec, repo: "hexpm", optional: false]}], "hexpm", "6140eafb28215ad7182282fd21d9aa6dcffbfbe0eb876283bc6b768a6c57b0c3"},
  "makeup_elixir": {:hex, :makeup_elixir, "0.16.2", "627e84b8e8bf22e60a2579dad15067c755531fea049ae26ef1020cad58fe9578", [:mix], [{:makeup, "~> 1.0", [hex: :makeup, repo: "hexpm", optional: false]}, {:nimble_parsec, "~> 1.2.3 or ~> 1.3", [hex: :nimble_parsec, repo: "hexpm", optional: false]}], "hexpm", "41193978704763f6bbe6cc2758b84909e62984c7752b3784bd3c218bb341706b"},
  "makeup_html": {:hex, :makeup_html, "0.1.1", "c3d4abd39d5f7e925faca72ada6e9cc5c6f5fa7cd5bc0158315832656cf14d7f", [:mix], [{:makeup, "~> 1.0", [hex: :makeup, repo: "hexpm", optional: false]}], "hexpm", "44f2a61bc5243645dd7fafeaa6cc28793cd22f3c76b861e066168f9a5b2c26a4"},
  "mdex": {:hex, :mdex, "0.1.18", "20c5b12633e485f9a6eaf06e8d992fa186c5798be98d1405ee6a8bb6b465f59e", [:mix], [{:rustler, "~> 0.32", [hex: :rustler, repo: "hexpm", optional: true]}, {:rustler_precompiled, "~> 0.7", [hex: :rustler_precompiled, repo: "hexpm", optional: false]}], "hexpm", "726b1aee2cc197c08f5b004d73a64d268d28837f79f8eaba74478237ddc9930f"},
  "metrics": {:hex, :metrics, "1.0.1", "25f094dea2cda98213cecc3aeff09e940299d950904393b2a29d191c346a8486", [:rebar3], [], "hexpm", "69b09adddc4f74a40716ae54d140f93beb0fb8978d8636eaded0c31b6f099f16"},
  "mime": {:hex, :mime, "2.0.6", "8f18486773d9b15f95f4f4f1e39b710045fa1de891fada4516559967276e4dc2", [:mix], [], "hexpm", "c9945363a6b26d747389aac3643f8e0e09d30499a138ad64fe8fd1d13d9b153e"},
  "mimerl": {:hex, :mimerl, "1.3.0", "d0cd9fc04b9061f82490f6581e0128379830e78535e017f7780f37fea7545726", [:rebar3], [], "hexpm", "a1e15a50d1887217de95f0b9b0793e32853f7c258a5cd227650889b38839fe9d"},
  "nebulex": {:hex, :nebulex, "2.6.0", "6e581c0b53aab80a1431488d367a41c6a8ee53763f86e7a7a6754ee571ecfdab", [:mix], [{:decorator, "~> 1.4", [hex: :decorator, repo: "hexpm", optional: true]}, {:shards, "~> 1.1", [hex: :shards, repo: "hexpm", optional: true]}, {:telemetry, "~> 0.4 or ~> 1.0", [hex: :telemetry, repo: "hexpm", optional: true]}], "hexpm", "cf4a0040bd6d58b8d0204f668641973520fdbd78bd8618e1cdb7a11e7bc560cf"},
  "nimble_csv": {:hex, :nimble_csv, "1.2.0", "4e26385d260c61eba9d4412c71cea34421f296d5353f914afe3f2e71cce97722", [:mix], [], "hexpm", "d0628117fcc2148178b034044c55359b26966c6eaa8e2ce15777be3bbc91b12a"},
  "nimble_parsec": {:hex, :nimble_parsec, "1.4.0", "51f9b613ea62cfa97b25ccc2c1b4216e81df970acd8e16e8d1bdc58fef21370d", [:mix], [], "hexpm", "9c565862810fb383e9838c1dd2d7d2c437b3d13b267414ba6af33e50d2d1cf28"},
  "oban": {:hex, :oban, "2.18.3", "1608c04f8856c108555c379f2f56bc0759149d35fa9d3b825cb8a6769f8ae926", [:mix], [{:ecto_sql, "~> 3.10", [hex: :ecto_sql, repo: "hexpm", optional: false]}, {:ecto_sqlite3, "~> 0.9", [hex: :ecto_sqlite3, repo: "hexpm", optional: true]}, {:jason, "~> 1.1", [hex: :jason, repo: "hexpm", optional: false]}, {:postgrex, "~> 0.16", [hex: :postgrex, repo: "hexpm", optional: true]}, {:telemetry, "~> 0.4 or ~> 1.0", [hex: :telemetry, repo: "hexpm", optional: false]}], "hexpm", "36ca6ca84ef6518f9c2c759ea88efd438a3c81d667ba23b02b062a0aa785475e"},
  "oban_live_dashboard": {:hex, :oban_live_dashboard, "0.1.1", "8aa4ceaf381c818f7d5c8185cc59942b8ac82ef0cf559881aacf8d3f8ac7bdd3", [:mix], [{:oban, "~> 2.15", [hex: :oban, repo: "hexpm", optional: false]}, {:phoenix_live_dashboard, "~> 0.7", [hex: :phoenix_live_dashboard, repo: "hexpm", optional: false]}], "hexpm", "16dc4ce9c9a95aa2e655e35ed4e675652994a8def61731a18af85e230e1caa63"},
  "parallel_stream": {:hex, :parallel_stream, "1.1.0", "f52f73eb344bc22de335992377413138405796e0d0ad99d995d9977ac29f1ca9", [:mix], [], "hexpm", "684fd19191aedfaf387bbabbeb8ff3c752f0220c8112eb907d797f4592d6e871"},
  "parent": {:hex, :parent, "0.12.1", "495c4386f06de0df492e0a7a7199c10323a55e9e933b27222060dd86dccd6d62", [:mix], [{:telemetry, "~> 0.4 or ~> 1.0", [hex: :telemetry, repo: "hexpm", optional: false]}], "hexpm", "2ab589ef1f37bfcedbfb5ecfbab93354972fb7391201b8907a866dadd20b39d1"},
  "parse_trans": {:hex, :parse_trans, "3.4.1", "6e6aa8167cb44cc8f39441d05193be6e6f4e7c2946cb2759f015f8c56b76e5ff", [:rebar3], [], "hexpm", "620a406ce75dada827b82e453c19cf06776be266f5a67cff34e1ef2cbb60e49a"},
  "phoenix": {:hex, :phoenix, "1.7.14", "a7d0b3f1bc95987044ddada111e77bd7f75646a08518942c72a8440278ae7825", [:mix], [{:castore, ">= 0.0.0", [hex: :castore, repo: "hexpm", optional: false]}, {:jason, "~> 1.0", [hex: :jason, repo: "hexpm", optional: true]}, {:phoenix_pubsub, "~> 2.1", [hex: :phoenix_pubsub, repo: "hexpm", optional: false]}, {:phoenix_template, "~> 1.0", [hex: :phoenix_template, repo: "hexpm", optional: false]}, {:phoenix_view, "~> 2.0", [hex: :phoenix_view, repo: "hexpm", optional: true]}, {:plug, "~> 1.14", [hex: :plug, repo: "hexpm", optional: false]}, {:plug_cowboy, "~> 2.7", [hex: :plug_cowboy, repo: "hexpm", optional: true]}, {:plug_crypto, "~> 1.2 or ~> 2.0", [hex: :plug_crypto, repo: "hexpm", optional: false]}, {:telemetry, "~> 0.4 or ~> 1.0", [hex: :telemetry, repo: "hexpm", optional: false]}, {:websock_adapter, "~> 0.5.3", [hex: :websock_adapter, repo: "hexpm", optional: false]}], "hexpm", "c7859bc56cc5dfef19ecfc240775dae358cbaa530231118a9e014df392ace61a"},
  "phoenix_ecto": {:hex, :phoenix_ecto, "4.6.2", "3b83b24ab5a2eb071a20372f740d7118767c272db386831b2e77638c4dcc606d", [:mix], [{:ecto, "~> 3.5", [hex: :ecto, repo: "hexpm", optional: false]}, {:phoenix_html, "~> 2.14.2 or ~> 3.0 or ~> 4.1", [hex: :phoenix_html, repo: "hexpm", optional: true]}, {:plug, "~> 1.9", [hex: :plug, repo: "hexpm", optional: false]}, {:postgrex, "~> 0.16 or ~> 1.0", [hex: :postgrex, repo: "hexpm", optional: true]}], "hexpm", "3f94d025f59de86be00f5f8c5dd7b5965a3298458d21ab1c328488be3b5fcd59"},
  "phoenix_html": {:hex, :phoenix_html, "4.1.1", "4c064fd3873d12ebb1388425a8f2a19348cef56e7289e1998e2d2fa758aa982e", [:mix], [], "hexpm", "f2f2df5a72bc9a2f510b21497fd7d2b86d932ec0598f0210fed4114adc546c6f"},
  "phoenix_html_helpers": {:hex, :phoenix_html_helpers, "1.0.1", "7eed85c52eff80a179391036931791ee5d2f713d76a81d0d2c6ebafe1e11e5ec", [:mix], [{:phoenix_html, "~> 4.0", [hex: :phoenix_html, repo: "hexpm", optional: false]}, {:plug, "~> 1.5", [hex: :plug, repo: "hexpm", optional: true]}], "hexpm", "cffd2385d1fa4f78b04432df69ab8da63dc5cf63e07b713a4dcf36a3740e3090"},
  "phoenix_live_dashboard": {:hex, :phoenix_live_dashboard, "0.8.4", "4508e481f791ce62ec6a096e13b061387158cbeefacca68c6c1928e1305e23ed", [:mix], [{:ecto, "~> 3.6.2 or ~> 3.7", [hex: :ecto, repo: "hexpm", optional: true]}, {:ecto_mysql_extras, "~> 0.5", [hex: :ecto_mysql_extras, repo: "hexpm", optional: true]}, {:ecto_psql_extras, "~> 0.7", [hex: :ecto_psql_extras, repo: "hexpm", optional: true]}, {:ecto_sqlite3_extras, "~> 1.1.7 or ~> 1.2.0", [hex: :ecto_sqlite3_extras, repo: "hexpm", optional: true]}, {:mime, "~> 1.6 or ~> 2.0", [hex: :mime, repo: "hexpm", optional: false]}, {:phoenix_live_view, "~> 0.19 or ~> 1.0", [hex: :phoenix_live_view, repo: "hexpm", optional: false]}, {:telemetry_metrics, "~> 0.6 or ~> 1.0", [hex: :telemetry_metrics, repo: "hexpm", optional: false]}], "hexpm", "2984aae96994fbc5c61795a73b8fb58153b41ff934019cfb522343d2d3817d59"},
  "phoenix_live_reload": {:hex, :phoenix_live_reload, "1.5.3", "f2161c207fda0e4fb55165f650f7f8db23f02b29e3bff00ff7ef161d6ac1f09d", [:mix], [{:file_system, "~> 0.3 or ~> 1.0", [hex: :file_system, repo: "hexpm", optional: false]}, {:phoenix, "~> 1.4", [hex: :phoenix, repo: "hexpm", optional: false]}], "hexpm", "b4ec9cd73cb01ff1bd1cac92e045d13e7030330b74164297d1aee3907b54803c"},
  "phoenix_live_view": {:hex, :phoenix_live_view, "1.0.0-rc.6", "47d2669995ea326e5c71f5c1bc9177109cebf211385c638faa7b5862a401e516", [:mix], [{:floki, "~> 0.36", [hex: :floki, repo: "hexpm", optional: true]}, {:jason, "~> 1.0", [hex: :jason, repo: "hexpm", optional: true]}, {:phoenix, "~> 1.6.15 or ~> 1.7.0", [hex: :phoenix, repo: "hexpm", optional: false]}, {:phoenix_html, "~> 3.3 or ~> 4.0", [hex: :phoenix_html, repo: "hexpm", optional: false]}, {:phoenix_template, "~> 1.0", [hex: :phoenix_template, repo: "hexpm", optional: false]}, {:phoenix_view, "~> 2.0", [hex: :phoenix_view, repo: "hexpm", optional: true]}, {:plug, "~> 1.15", [hex: :plug, repo: "hexpm", optional: false]}, {:telemetry, "~> 0.4.2 or ~> 1.0", [hex: :telemetry, repo: "hexpm", optional: false]}], "hexpm", "e56e4f1642a0b20edc2488cab30e5439595e0d8b5b259f76ef98b1c4e2e5b527"},
  "phoenix_pubsub": {:hex, :phoenix_pubsub, "2.1.3", "3168d78ba41835aecad272d5e8cd51aa87a7ac9eb836eabc42f6e57538e3731d", [:mix], [], "hexpm", "bba06bc1dcfd8cb086759f0edc94a8ba2bc8896d5331a1e2c2902bf8e36ee502"},
  "phoenix_storybook": {:hex, :phoenix_storybook, "0.6.4", "d7bfdf6a20214251ff7453cbcb9de5f6f8a7db606f9c21846a87ba09058d8f0e", [:mix], [{:earmark, "~> 1.4", [hex: :earmark, repo: "hexpm", optional: false]}, {:heroicons, "~> 0.5", [hex: :heroicons, repo: "hexpm", optional: true]}, {:jason, "~> 1.3", [hex: :jason, repo: "hexpm", optional: true]}, {:makeup_eex, "~> 0.1.0", [hex: :makeup_eex, repo: "hexpm", optional: false]}, {:phoenix, "~> 1.7.0", [hex: :phoenix, repo: "hexpm", optional: false]}, {:phoenix_html_helpers, "~> 1.0", [hex: :phoenix_html_helpers, repo: "hexpm", optional: false]}, {:phoenix_live_view, "> 0.18.7", [hex: :phoenix_live_view, repo: "hexpm", optional: false]}, {:phoenix_view, "~> 2.0", [hex: :phoenix_view, repo: "hexpm", optional: false]}], "hexpm", "a63669c010e638882d287aae9c2cfd4a2c64d68e05f85403e213101283a74d3f"},
  "phoenix_template": {:hex, :phoenix_template, "1.0.4", "e2092c132f3b5e5b2d49c96695342eb36d0ed514c5b252a77048d5969330d639", [:mix], [{:phoenix_html, "~> 2.14.2 or ~> 3.0 or ~> 4.0", [hex: :phoenix_html, repo: "hexpm", optional: true]}], "hexpm", "2c0c81f0e5c6753faf5cca2f229c9709919aba34fab866d3bc05060c9c444206"},
  "phoenix_view": {:hex, :phoenix_view, "2.0.4", "b45c9d9cf15b3a1af5fb555c674b525391b6a1fe975f040fb4d913397b31abf4", [:mix], [{:phoenix_html, "~> 2.14.2 or ~> 3.0 or ~> 4.0", [hex: :phoenix_html, repo: "hexpm", optional: true]}, {:phoenix_template, "~> 1.0", [hex: :phoenix_template, repo: "hexpm", optional: false]}], "hexpm", "4e992022ce14f31fe57335db27a28154afcc94e9983266835bb3040243eb620b"},
  "pixels": {:hex, :pixels, "0.3.0", "fde9c4bdc2d5aa3596f79046fd739f87f338b16edca9e80b1ed918f87a6b24b1", [:make, :mix], [{:elixir_make, "~> 0.6.0", [hex: :elixir_make, repo: "hexpm", optional: false]}], "hexpm", "ee4187eb1c50e9c16bb932b78aa1f5b4859515604e3e949aefc8edfb4561f434"},
  "plug": {:hex, :plug, "1.16.1", "40c74619c12f82736d2214557dedec2e9762029b2438d6d175c5074c933edc9d", [:mix], [{:mime, "~> 1.0 or ~> 2.0", [hex: :mime, repo: "hexpm", optional: false]}, {:plug_crypto, "~> 1.1.1 or ~> 1.2 or ~> 2.0", [hex: :plug_crypto, repo: "hexpm", optional: false]}, {:telemetry, "~> 0.4.3 or ~> 1.0", [hex: :telemetry, repo: "hexpm", optional: false]}], "hexpm", "a13ff6b9006b03d7e33874945b2755253841b238c34071ed85b0e86057f8cddc"},
  "plug_cowboy": {:hex, :plug_cowboy, "2.7.2", "fdadb973799ae691bf9ecad99125b16625b1c6039999da5fe544d99218e662e4", [:mix], [{:cowboy, "~> 2.7", [hex: :cowboy, repo: "hexpm", optional: false]}, {:cowboy_telemetry, "~> 0.3", [hex: :cowboy_telemetry, repo: "hexpm", optional: false]}, {:plug, "~> 1.14", [hex: :plug, repo: "hexpm", optional: false]}], "hexpm", "245d8a11ee2306094840c000e8816f0cbed69a23fc0ac2bcf8d7835ae019bb2f"},
  "plug_crypto": {:hex, :plug_crypto, "2.1.0", "f44309c2b06d249c27c8d3f65cfe08158ade08418cf540fd4f72d4d6863abb7b", [:mix], [], "hexpm", "131216a4b030b8f8ce0f26038bc4421ae60e4bb95c5cf5395e1421437824c4fa"},
  "poison": {:hex, :poison, "5.0.0", "d2b54589ab4157bbb82ec2050757779bfed724463a544b6e20d79855a9e43b24", [:mix], [{:decimal, "~> 2.0", [hex: :decimal, repo: "hexpm", optional: true]}], "hexpm", "11dc6117c501b80c62a7594f941d043982a1bd05a1184280c0d9166eb4d8d3fc"},
  "polymorphic_embed": {:hex, :polymorphic_embed, "5.0.0", "8edf0f8262e26d2bd884f972ab34e2ae970019ad8a4a2df8fc319117f5238d40", [:mix], [{:attrs, "~> 0.6", [hex: :attrs, repo: "hexpm", optional: false]}, {:ecto, "~> 3.12", [hex: :ecto, repo: "hexpm", optional: false]}, {:jason, "~> 1.4", [hex: :jason, repo: "hexpm", optional: false]}, {:phoenix_html, "~> 4.1", [hex: :phoenix_html, repo: "hexpm", optional: true]}, {:phoenix_html_helpers, "~> 1.0", [hex: :phoenix_html_helpers, repo: "hexpm", optional: true]}, {:phoenix_live_view, "~> 0.20", [hex: :phoenix_live_view, repo: "hexpm", optional: true]}], "hexpm", "462976e51f74858cd5cc886fd23bf74616805c11f3abe7df352dd242de1b50e6"},
  "postgrex": {:hex, :postgrex, "0.19.1", "73b498508b69aded53907fe48a1fee811be34cc720e69ef4ccd568c8715495ea", [:mix], [{:db_connection, "~> 2.1", [hex: :db_connection, repo: "hexpm", optional: false]}, {:decimal, "~> 1.5 or ~> 2.0", [hex: :decimal, repo: "hexpm", optional: false]}, {:jason, "~> 1.0", [hex: :jason, repo: "hexpm", optional: true]}, {:table, "~> 0.1.0", [hex: :table, repo: "hexpm", optional: true]}], "hexpm", "8bac7885a18f381e091ec6caf41bda7bb8c77912bb0e9285212829afe5d8a8f8"},
  "protobuf": {:hex, :protobuf, "0.8.0", "61b27d6fd50e7b1b2eb0ee17c1f639906121f4ef965ae0994644eb4c68d4647d", [:mix], [{:jason, "~> 1.2", [hex: :jason, repo: "hexpm", optional: true]}], "hexpm", "3644ed846fd6f5e3b5c2cd617aa8344641e230edf812a45365fee7622bccd25a"},
  "rabbit_common": {:hex, :rabbit_common, "3.12.14", "466123ee7346a3cdac078c0c302bcd36da4523e8acd678c1b992f7b4df1f7914", [:make, :rebar3], [{:credentials_obfuscation, "3.4.0", [hex: :credentials_obfuscation, repo: "hexpm", optional: false]}, {:recon, "2.5.3", [hex: :recon, repo: "hexpm", optional: false]}, {:thoas, "1.0.0", [hex: :thoas, repo: "hexpm", optional: false]}], "hexpm", "70c31a51f7401cc0204ddef2745d98680c2e0df67e3b0c9e198916881fde3293"},
  "ranch": {:hex, :ranch, "1.8.0", "8c7a100a139fd57f17327b6413e4167ac559fbc04ca7448e9be9057311597a1d", [:make, :rebar3], [], "hexpm", "49fbcfd3682fab1f5d109351b61257676da1a2fdbe295904176d5e521a2ddfe5"},
  "recon": {:hex, :recon, "2.5.3", "739107b9050ea683c30e96de050bc59248fd27ec147696f79a8797ff9fa17153", [:mix, :rebar3], [], "hexpm", "6c6683f46fd4a1dfd98404b9f78dcabc7fcd8826613a89dcb984727a8c3099d7"},
  "rustler": {:hex, :rustler, "0.32.1", "f4cf5a39f9e85d182c0a3f75fa15b5d0add6542ab0bf9ceac6b4023109ebd3fc", [:mix], [{:jason, "~> 1.0", [hex: :jason, repo: "hexpm", optional: false]}, {:toml, "~> 0.6", [hex: :toml, repo: "hexpm", optional: false]}], "hexpm", "b96be75526784f86f6587f051bc8d6f4eaff23d6e0f88dbcfe4d5871f52946f7"},
  "rustler_precompiled": {:hex, :rustler_precompiled, "0.8.1", "8afe0b6f3a9a677ada046cdd23e3f4c6399618b91a6122289324774961281e1e", [:mix], [{:castore, "~> 0.1 or ~> 1.0", [hex: :castore, repo: "hexpm", optional: false]}, {:rustler, "~> 0.23", [hex: :rustler, repo: "hexpm", optional: true]}], "hexpm", "90b8c2297bf7959cfa1c927b2881faad7bb0707183124955369991b76177a166"},
  "seg_seg": {:hex, :seg_seg, "0.1.1", "a7a5c072ad9de3af1bb5e155492c2c7a0fd5f381700efe9b9ba38c95fb997bd7", [:mix], [{:vector, "~> 1.0", [hex: :vector, repo: "hexpm", optional: false]}], "hexpm", "60830e037b6ac9e1b7d360d2eec0e02834c26bba7f1bebad4dd90a00d31ab119"},
  "sentry": {:hex, :sentry, "8.1.0", "8d235b62fce5f8e067ea1644e30939405b71a5e1599d9529ff82899d11d03f2b", [:mix], [{:hackney, "~> 1.8", [hex: :hackney, repo: "hexpm", optional: true]}, {:jason, "~> 1.1", [hex: :jason, repo: "hexpm", optional: true]}, {:plug, "~> 1.6", [hex: :plug, repo: "hexpm", optional: true]}, {:plug_cowboy, "~> 2.3", [hex: :plug_cowboy, repo: "hexpm", optional: true]}], "hexpm", "f9fc7641ef61e885510f5e5963c2948b9de1de597c63f781e9d3d6c9c8681ab4"},
  "shards": {:hex, :shards, "1.1.0", "ed3032e63ae99f0eaa6d012b8b9f9cead48b9a810b3f91aeac266cfc4118eff6", [:make, :rebar3], [], "hexpm", "1d188e565a54a458a7a601c2fd1e74f5cfeba755c5a534239266d28b7ff124c7"},
  "sleeplocks": {:hex, :sleeplocks, "1.1.1", "3d462a0639a6ef36cc75d6038b7393ae537ab394641beb59830a1b8271faeed3", [:rebar3], [], "hexpm", "84ee37aeff4d0d92b290fff986d6a95ac5eedf9b383fadfd1d88e9b84a1c02e1"},
  "solarex": {:hex, :solarex, "0.1.2", "549915e2440dbe8bcbb92e5b3592121281db2e30249f25813760c5d0f28f011f", [:mix], [{:timex, "~> 3.0", [hex: :timex, repo: "hexpm", optional: false]}], "hexpm", "d10d8eb855b8f5d1e968f6fa7070e6b1a3970d54ee30ab6fcc8d2301d163bdb9"},
  "sourceror": {:hex, :sourceror, "1.6.0", "9907884e1449a4bd7dbaabe95088ed4d9a09c3c791fb0103964e6316bc9448a7", [:mix], [], "hexpm", "e90aef8c82dacf32c89c8ef83d1416fc343cd3e5556773eeffd2c1e3f991f699"},
  "ssl_verify_fun": {:hex, :ssl_verify_fun, "1.1.7", "354c321cf377240c7b8716899e182ce4890c5938111a1296add3ec74cf1715df", [:make, :mix, :rebar3], [], "hexpm", "fe4c190e8f37401d30167c8c405eda19469f34577987c76dde613e838bbc67f8"},
  "swoosh": {:hex, :swoosh, "1.17.1", "01295a82bddd2c6cac1e65856e29444d7c23c4501e0ebc69cea8a82018227e25", [:mix], [{:bandit, ">= 1.0.0", [hex: :bandit, repo: "hexpm", optional: true]}, {:cowboy, "~> 1.1 or ~> 2.4", [hex: :cowboy, repo: "hexpm", optional: true]}, {:ex_aws, "~> 2.1", [hex: :ex_aws, repo: "hexpm", optional: true]}, {:finch, "~> 0.6", [hex: :finch, repo: "hexpm", optional: true]}, {:gen_smtp, "~> 0.13 or ~> 1.0", [hex: :gen_smtp, repo: "hexpm", optional: true]}, {:hackney, "~> 1.9", [hex: :hackney, repo: "hexpm", optional: true]}, {:jason, "~> 1.0", [hex: :jason, repo: "hexpm", optional: false]}, {:mail, "~> 0.2", [hex: :mail, repo: "hexpm", optional: true]}, {:mime, "~> 1.1 or ~> 2.0", [hex: :mime, repo: "hexpm", optional: false]}, {:mua, "~> 0.2.3", [hex: :mua, repo: "hexpm", optional: true]}, {:multipart, "~> 0.4", [hex: :multipart, repo: "hexpm", optional: true]}, {:plug, "~> 1.9", [hex: :plug, repo: "hexpm", optional: true]}, {:plug_cowboy, ">= 1.0.0", [hex: :plug_cowboy, repo: "hexpm", optional: true]}, {:req, "~> 0.5 or ~> 1.0", [hex: :req, repo: "hexpm", optional: true]}, {:telemetry, "~> 0.4.2 or ~> 1.0", [hex: :telemetry, repo: "hexpm", optional: false]}], "hexpm", "3b20d25e580cb79af631335a1bdcfbffd835c08ebcdc16e98577223a241a18a1"},
  "tailwind": {:hex, :tailwind, "0.2.3", "277f08145d407de49650d0a4685dc062174bdd1ae7731c5f1da86163a24dfcdb", [:mix], [{:castore, ">= 0.0.0", [hex: :castore, repo: "hexpm", optional: false]}], "hexpm", "8e45e7a34a676a7747d04f7913a96c770c85e6be810a1d7f91e713d3a3655b5d"},
  "telemetry": {:hex, :telemetry, "1.3.0", "fedebbae410d715cf8e7062c96a1ef32ec22e764197f70cda73d82778d61e7a2", [:rebar3], [], "hexpm", "7015fc8919dbe63764f4b4b87a95b7c0996bd539e0d499be6ec9d7f3875b79e6"},
  "telemetry_metrics": {:hex, :telemetry_metrics, "0.6.2", "2caabe9344ec17eafe5403304771c3539f3b6e2f7fb6a6f602558c825d0d0bfb", [:mix], [{:telemetry, "~> 0.4 or ~> 1.0", [hex: :telemetry, repo: "hexpm", optional: false]}], "hexpm", "9b43db0dc33863930b9ef9d27137e78974756f5f198cae18409970ed6fa5b561"},
  "telemetry_poller": {:hex, :telemetry_poller, "1.1.0", "58fa7c216257291caaf8d05678c8d01bd45f4bdbc1286838a28c4bb62ef32999", [:rebar3], [{:telemetry, "~> 1.0", [hex: :telemetry, repo: "hexpm", optional: false]}], "hexpm", "9eb9d9cbfd81cbd7cdd24682f8711b6e2b691289a0de6826e58452f28c103c8f"},
  "text_diff": {:hex, :text_diff, "0.1.0", "1caf3175e11a53a9a139bc9339bd607c47b9e376b073d4571c031913317fecaa", [:mix], [], "hexpm", "d1ffaaecab338e49357b6daa82e435f877e0649041ace7755583a0ea3362dbd7"},
  "thoas": {:hex, :thoas, "1.0.0", "567c03902920827a18a89f05b79a37b5bf93553154b883e0131801600cf02ce0", [:rebar3], [], "hexpm", "fc763185b932ecb32a554fb735ee03c3b6b1b31366077a2427d2a97f3bd26735"},
  "timex": {:hex, :timex, "3.7.11", "bb95cb4eb1d06e27346325de506bcc6c30f9c6dea40d1ebe390b262fad1862d1", [:mix], [{:combine, "~> 0.10", [hex: :combine, repo: "hexpm", optional: false]}, {:gettext, "~> 0.20", [hex: :gettext, repo: "hexpm", optional: false]}, {:tzdata, "~> 1.1", [hex: :tzdata, repo: "hexpm", optional: false]}], "hexpm", "8b9024f7efbabaf9bd7aa04f65cf8dcd7c9818ca5737677c7b76acbc6a94d1aa"},
  "toml": {:hex, :toml, "0.7.0", "fbcd773caa937d0c7a02c301a1feea25612720ac3fa1ccb8bfd9d30d822911de", [:mix], [], "hexpm", "0690246a2478c1defd100b0c9b89b4ea280a22be9a7b313a8a058a2408a2fa70"},
  "topo": {:hex, :topo, "0.4.0", "93dcfb35574c76502d5b43a5caef79567e8aa7f2d340ef8bbac35f9ff92ca5f3", [:mix], [{:geo, "~> 3.1", [hex: :geo, repo: "hexpm", optional: false]}, {:seg_seg, "~> 0.1", [hex: :seg_seg, repo: "hexpm", optional: false]}, {:vector, "~> 1.0", [hex: :vector, repo: "hexpm", optional: false]}], "hexpm", "51aeac4d9062473fa3d66244cdd05a768e3297f858d2ca4eb71678a7cc41704b"},
  "typed_struct": {:git, "https://github.com/ejpcmac/typed_struct.git", "bb47d47aaf9a2cd6da8680503b70497a554eee34", [branch: "develop"]},
  "typed_struct_cast": {:git, "https://github.com/avitex/typed-struct-cast.git", "1b82a8371b36cc770e7a4efb9f54947583dbdd97", [branch: "master"]},
  "tzdata": {:hex, :tzdata, "1.1.2", "45e5f1fcf8729525ec27c65e163be5b3d247ab1702581a94674e008413eef50b", [:mix], [{:hackney, "~> 1.17", [hex: :hackney, repo: "hexpm", optional: false]}], "hexpm", "cec7b286e608371602318c414f344941d5eb0375e14cfdab605cca2fe66cba8b"},
  "unicode_util_compat": {:hex, :unicode_util_compat, "0.7.0", "bc84380c9ab48177092f43ac89e4dfa2c6d62b40b8bd132b1059ecc7232f9a78", [:rebar3], [], "hexpm", "25eee6d67df61960cf6a794239566599b09e17e668d3700247bc498638152521"},
  "unsafe": {:hex, :unsafe, "1.0.1", "a27e1874f72ee49312e0a9ec2e0b27924214a05e3ddac90e91727bc76f8613d8", [:mix], [], "hexpm", "6c7729a2d214806450d29766abc2afaa7a2cbecf415be64f36a6691afebb50e5"},
  "unzip": {:hex, :unzip, "0.8.0", "ee21d87c21b01567317387dab4228ac570ca15b41cfc221a067354cbf8e68c4d", [:mix], [], "hexpm", "ffa67a483efcedcb5876971a50947222e104d5f8fea2c4a0441e6f7967854827"},
  "vector": {:hex, :vector, "1.1.0", "0789b5e00e9c551d8d5880acab9a8f44ed46690d083af397018bf0c7f30c1092", [:mix], [], "hexpm", "48b0a800ec88e55b12c689b09100e4c9ba41ea1befb459221c085a4e70040696"},
  "websock": {:hex, :websock, "0.5.3", "2f69a6ebe810328555b6fe5c831a851f485e303a7c8ce6c5f675abeb20ebdadc", [:mix], [], "hexpm", "6105453d7fac22c712ad66fab1d45abdf049868f253cf719b625151460b8b453"},
  "websock_adapter": {:hex, :websock_adapter, "0.5.7", "65fa74042530064ef0570b75b43f5c49bb8b235d6515671b3d250022cb8a1f9e", [:mix], [{:bandit, ">= 0.6.0", [hex: :bandit, repo: "hexpm", optional: true]}, {:plug, "~> 1.14", [hex: :plug, repo: "hexpm", optional: false]}, {:plug_cowboy, "~> 2.6", [hex: :plug_cowboy, repo: "hexpm", optional: true]}, {:websock, "~> 0.5", [hex: :websock, repo: "hexpm", optional: false]}], "hexpm", "d0f478ee64deddfec64b800673fd6e0c8888b079d9f3444dd96d2a98383bdbd1"},
  "wheretz": {:hex, :wheretz, "0.1.16", "4401cff68a1c6979f9c9392a112de0daf03f28234c9b0a61fac213cf8b7a06f5", [:mix], [{:geo, "~> 3.3", [hex: :geo, repo: "hexpm", optional: false]}, {:httpoison, "~> 1.6", [hex: :httpoison, repo: "hexpm", optional: false]}, {:jason, "~> 1.2", [hex: :jason, repo: "hexpm", optional: false]}, {:poison, "~> 4.0", [hex: :poison, repo: "hexpm", optional: false]}, {:timex, "~> 3.6", [hex: :timex, repo: "hexpm", optional: false]}, {:topo, "~> 0.4.0", [hex: :topo, repo: "hexpm", optional: false]}], "hexpm", "682f5d0cf4d492a61eebf929a06eab7b282c72a0f205e09e9b7c6095c6c92319"},
}
